
Microsoft Visual Studio Solution File, Format Version 12.00
# Visual Studio Version 17
VisualStudioVersion = 17.10.35122.118
MinimumVisualStudioVersion = 10.0.40219.1
Project("{FAE04EC0-301F-11D3-BF4B-00C04F79EFBC}") = "NWUTechTrends_WebAPI", "NWUTechTrends_WebAPI.csproj", "{3D238F24-BF45-4D91-9322-352763899B91}"
EndProject
Global
	GlobalSection(SolutionConfigurationPlatforms) = preSolution
		Debug|Any CPU = Debug|Any CPU
		Release|Any CPU = Release|Any CPU
	EndGlobalSection
	GlobalSection(ProjectConfigurationPlatforms) = postSolution
		{3D238F24-BF45-4D91-9322-352763899B91}.Debug|Any CPU.ActiveCfg = Debug|Any CPU
		{3D238F24-BF45-4D91-9322-352763899B91}.Debug|Any CPU.Build.0 = Debug|Any CPU
		{3D238F24-BF45-4D91-9322-352763899B91}.Release|Any CPU.ActiveCfg = Release|Any CPU
		{3D238F24-BF45-4D91-9322-352763899B91}.Release|Any CPU.Build.0 = Release|Any CPU
	EndGlobalSection
	GlobalSection(SolutionProperties) = preSolution
		HideSolutionNode = FALSE
	EndGlobalSection
	GlobalSection(ExtensibilityGlobals) = postSolution
		SolutionGuid = {88EC6BF7-5D1A-45F5-9EAA-F20A51BC2F25}
	EndGlobalSection
EndGlobal
